
Microsoft Visual Studio Solution File, Format Version 11.00
# Visual Studio 2010
Project("{FAE04EC0-301F-11D3-BF4B-00C04F79EFBC}") = "Scheduling", "Scheduling.csproj", "{C7F93D6E-17FF-4966-9040-38E6615D7E80}"
EndProject
Global
	GlobalSection(SolutionConfigurationPlatforms) = preSolution
		Debug|x86 = Debug|x86
		Release|x86 = Release|x86
	EndGlobalSection
	GlobalSection(ProjectConfigurationPlatforms) = postSolution
		{C7F93D6E-17FF-4966-9040-38E6615D7E80}.Debug|x86.ActiveCfg = Debug|x86
		{C7F93D6E-17FF-4966-9040-38E6615D7E80}.Debug|x86.Build.0 = Debug|x86
		{C7F93D6E-17FF-4966-9040-38E6615D7E80}.Release|x86.ActiveCfg = Release|x86
		{C7F93D6E-17FF-4966-9040-38E6615D7E80}.Release|x86.Build.0 = Release|x86
	EndGlobalSection
	GlobalSection(SolutionProperties) = preSolution
		HideSolutionNode = FALSE
	EndGlobalSection
EndGlobal
